// !$*UTF8*$!
{
	archiveVersion = 1;
	classes = {
	};
	objectVersion = 45;
	objects = {

/* Begin PBXBuildFile section */
		1D60589B0D05DD56006BFB54 /* main.m in Sources */ = {isa = PBXBuildFile; fileRef = 29B97316FDCFA39411CA2CEA /* main.m */; };
		1D60589F0D05DD5A006BFB54 /* Foundation.framework in Frameworks */ = {isa = PBXBuildFile; fileRef = 1D30AB110D05D00D00671497 /* Foundation.framework */; };
		1DF5F4E00D08C38300B7A737 /* UIKit.framework in Frameworks */ = {isa = PBXBuildFile; fileRef = 1DF5F4DF0D08C38300B7A737 /* UIKit.framework */; };
		288765080DF74369002DB57D /* CoreGraphics.framework in Frameworks */ = {isa = PBXBuildFile; fileRef = 288765070DF74369002DB57D /* CoreGraphics.framework */; };
		9C017D8912BF082100710E16 /* AlarmDetailTableViewController.m in Sources */ = {isa = PBXBuildFile; fileRef = 9C017D8612BF082100710E16 /* AlarmDetailTableViewController.m */; };
		9C017D8A12BF082100710E16 /* AlarmsListViewController.m in Sources */ = {isa = PBXBuildFile; fileRef = 9C017D8812BF082100710E16 /* AlarmsListViewController.m */; };
		9C017F2B12BF755A00710E16 /* TableViewCellDescription.m in Sources */ = {isa = PBXBuildFile; fileRef = 9C017F2A12BF755A00710E16 /* TableViewCellDescription.m */; };
		9C12996E127E8DC000054B82 /* checkmarkicon.png in Resources */ = {isa = PBXBuildFile; fileRef = 9C129918127E8DC000054B82 /* checkmarkicon.png */; };
		9C12996F127E8DC000054B82 /* DarkBackground.png in Resources */ = {isa = PBXBuildFile; fileRef = 9C129919127E8DC000054B82 /* DarkBackground.png */; };
		9C129970127E8DC000054B82 /* LightBackground.png in Resources */ = {isa = PBXBuildFile; fileRef = 9C12991A127E8DC000054B82 /* LightBackground.png */; };
		9C129971127E8DC000054B82 /* MathGraph.png in Resources */ = {isa = PBXBuildFile; fileRef = 9C12991B127E8DC000054B82 /* MathGraph.png */; };
		9C129974127E8DC000054B82 /* AlarmLRepeatTypeViewController.m in Sources */ = {isa = PBXBuildFile; fileRef = 9C129921127E8DC000054B82 /* AlarmLRepeatTypeViewController.m */; };
		9C129975127E8DC000054B82 /* AlarmLSoundViewController.m in Sources */ = {isa = PBXBuildFile; fileRef = 9C129923127E8DC000054B82 /* AlarmLSoundViewController.m */; };
		9C129977127E8DC000054B82 /* AlarmModifyTableViewController.m in Sources */ = {isa = PBXBuildFile; fileRef = 9C129927127E8DC000054B82 /* AlarmModifyTableViewController.m */; };
		9C129978127E8DC000054B82 /* AlarmModifyViewController.m in Sources */ = {isa = PBXBuildFile; fileRef = 9C129929127E8DC000054B82 /* AlarmModifyViewController.m */; };
		9C129979127E8DC000054B82 /* AlarmNameViewController.m in Sources */ = {isa = PBXBuildFile; fileRef = 9C12992B127E8DC000054B82 /* AlarmNameViewController.m */; };
		9C12997A127E8DC000054B82 /* AlarmNameViewController.xib in Resources */ = {isa = PBXBuildFile; fileRef = 9C12992C127E8DC000054B82 /* AlarmNameViewController.xib */; };
		9C12997D127E8DC000054B82 /* AlarmPositionMapViewController.m in Sources */ = {isa = PBXBuildFile; fileRef = 9C129932127E8DC000054B82 /* AlarmPositionMapViewController.m */; };
		9C12997E127E8DC000054B82 /* AlarmPositionMapViewController.xib in Resources */ = {isa = PBXBuildFile; fileRef = 9C129933127E8DC000054B82 /* AlarmPositionMapViewController.xib */; };
		9C129982127E8DC000054B82 /* ApplicationCell.m in Sources */ = {isa = PBXBuildFile; fileRef = 9C12993A127E8DC000054B82 /* ApplicationCell.m */; };
		9C129983127E8DC000054B82 /* CheckmarkDisclosureIndicatorCell.m in Sources */ = {isa = PBXBuildFile; fileRef = 9C12993C127E8DC000054B82 /* CheckmarkDisclosureIndicatorCell.m */; };
		9C129984127E8DC000054B82 /* DataUtility.m in Sources */ = {isa = PBXBuildFile; fileRef = 9C12993E127E8DC000054B82 /* DataUtility.m */; };
		9C129985127E8DC000054B82 /* DicManager.m in Sources */ = {isa = PBXBuildFile; fileRef = 9C129940127E8DC000054B82 /* DicManager.m */; };
		9C129986127E8DC000054B82 /* iAlarmAppDelegate.m in Sources */ = {isa = PBXBuildFile; fileRef = 9C129942127E8DC000054B82 /* iAlarmAppDelegate.m */; };
		9C129987127E8DC000054B82 /* IndividualSubviewsBasedApplicationCell.m in Sources */ = {isa = PBXBuildFile; fileRef = 9C129944127E8DC000054B82 /* IndividualSubviewsBasedApplicationCell.m */; };
		9C129988127E8DC000054B82 /* IndividualSubviewsBasedApplicationCell.xib in Resources */ = {isa = PBXBuildFile; fileRef = 9C129945127E8DC000054B82 /* IndividualSubviewsBasedApplicationCell.xib */; };
		9C129989127E8DC000054B82 /* LocationUtility.m in Sources */ = {isa = PBXBuildFile; fileRef = 9C129947127E8DC000054B82 /* LocationUtility.m */; };
		9C12998A127E8DC000054B82 /* MainWindow.xib in Resources */ = {isa = PBXBuildFile; fileRef = 9C129948127E8DC000054B82 /* MainWindow.xib */; };
		9C12998B127E8DC000054B82 /* RatingView.m in Sources */ = {isa = PBXBuildFile; fileRef = 9C12994A127E8DC000054B82 /* RatingView.m */; };
		9C12998C127E8DC000054B82 /* RegionsCenter.m in Sources */ = {isa = PBXBuildFile; fileRef = 9C12994C127E8DC000054B82 /* RegionsCenter.m */; };
		9C12998F127E8DC000054B82 /* SettingViewController.m in Sources */ = {isa = PBXBuildFile; fileRef = 9C129951127E8DC000054B82 /* SettingViewController.m */; };
		9C129990127E8DC000054B82 /* SettingViewController.xib in Resources */ = {isa = PBXBuildFile; fileRef = 9C129952127E8DC000054B82 /* SettingViewController.xib */; };
		9C129991127E8DC000054B82 /* StandardLocationManager.m in Sources */ = {isa = PBXBuildFile; fileRef = 9C129954127E8DC000054B82 /* StandardLocationManager.m */; };
		9C129992127E8DC000054B82 /* UIUtility.m in Sources */ = {isa = PBXBuildFile; fileRef = 9C129956127E8DC000054B82 /* UIUtility.m */; };
		9C129993127E8DC000054B82 /* YCAlarmEntity.m in Sources */ = {isa = PBXBuildFile; fileRef = 9C129958127E8DC000054B82 /* YCAlarmEntity.m */; };
		9C129994127E8DC000054B82 /* YCAnnotation.m in Sources */ = {isa = PBXBuildFile; fileRef = 9C12995A127E8DC000054B82 /* YCAnnotation.m */; };
		9C129995127E8DC000054B82 /* YCAnnotationView.m in Sources */ = {isa = PBXBuildFile; fileRef = 9C12995C127E8DC000054B82 /* YCAnnotationView.m */; };
		9C129997127E8DC000054B82 /* YCLocationManager.m in Sources */ = {isa = PBXBuildFile; fileRef = 9C129960127E8DC000054B82 /* YCLocationManager.m */; };
		9C129998127E8DC000054B82 /* YCLocationManagerDelegate.m in Sources */ = {isa = PBXBuildFile; fileRef = 9C129962127E8DC000054B82 /* YCLocationManagerDelegate.m */; };
		9C129999127E8DC000054B82 /* YCParam.m in Sources */ = {isa = PBXBuildFile; fileRef = 9C129965127E8DC000054B82 /* YCParam.m */; };
		9C12999A127E8DC000054B82 /* YCPositionType.m in Sources */ = {isa = PBXBuildFile; fileRef = 9C129967127E8DC000054B82 /* YCPositionType.m */; };
		9C12999B127E8DC000054B82 /* YCRepeatType.m in Sources */ = {isa = PBXBuildFile; fileRef = 9C129969127E8DC000054B82 /* YCRepeatType.m */; };
		9C12999C127E8DC000054B82 /* YCSound.m in Sources */ = {isa = PBXBuildFile; fileRef = 9C12996B127E8DC000054B82 /* YCSound.m */; };
		9C12999D127E8DC000054B82 /* YCVehicleType.m in Sources */ = {isa = PBXBuildFile; fileRef = 9C12996D127E8DC000054B82 /* YCVehicleType.m */; };
		9C12999F127E8DD100054B82 /* CoreLocation.framework in Frameworks */ = {isa = PBXBuildFile; fileRef = 9C12999E127E8DD100054B82 /* CoreLocation.framework */; };
		9C1299A1127E8DDC00054B82 /* MapKit.framework in Frameworks */ = {isa = PBXBuildFile; fileRef = 9C1299A0127E8DDC00054B82 /* MapKit.framework */; };
		9C1299A3127E8DE900054B82 /* QuartzCore.framework in Frameworks */ = {isa = PBXBuildFile; fileRef = 9C1299A2127E8DE900054B82 /* QuartzCore.framework */; };
		9C14F2711287FFE40000689A /* DebugViewController.m in Sources */ = {isa = PBXBuildFile; fileRef = 9C14F26F1287FFE40000689A /* DebugViewController.m */; };
		9C14F2721287FFE40000689A /* DebugViewController.xib in Resources */ = {isa = PBXBuildFile; fileRef = 9C14F2701287FFE40000689A /* DebugViewController.xib */; };
		9C14F2A4128822580000689A /* YCLog.m in Sources */ = {isa = PBXBuildFile; fileRef = 9C14F2A3128822580000689A /* YCLog.m */; };
		9C3E406D12AD2DE100D16658 /* mapInfoCurrent.png in Resources */ = {isa = PBXBuildFile; fileRef = 9C3E406912AD2DE100D16658 /* mapInfoCurrent.png */; };
		9C3E406E12AD2DE100D16658 /* mapInfoGreen.png in Resources */ = {isa = PBXBuildFile; fileRef = 9C3E406A12AD2DE100D16658 /* mapInfoGreen.png */; };
		9C3E406F12AD2DE100D16658 /* mapInfoPurple.png in Resources */ = {isa = PBXBuildFile; fileRef = 9C3E406B12AD2DE100D16658 /* mapInfoPurple.png */; };
		9C3E407012AD2DE100D16658 /* mapInfoRed.png in Resources */ = {isa = PBXBuildFile; fileRef = 9C3E406C12AD2DE100D16658 /* mapInfoRed.png */; };
		9C48CCA0129E03C7008069CC /* LocalizedString.m in Sources */ = {isa = PBXBuildFile; fileRef = 9C48CC9F129E03C7008069CC /* LocalizedString.m */; };
		9C6B1B161293CABD003D8CC7 /* Reachability.m in Sources */ = {isa = PBXBuildFile; fileRef = 9C6B1B151293CABD003D8CC7 /* Reachability.m */; };
		9C6B1B361293CAE7003D8CC7 /* SystemConfiguration.framework in Frameworks */ = {isa = PBXBuildFile; fileRef = 9C6B1B351293CAE7003D8CC7 /* SystemConfiguration.framework */; };
		9C71EACC129D629400137934 /* flagAsBarItem.png in Resources */ = {isa = PBXBuildFile; fileRef = 9C71EACB129D629400137934 /* flagAsBarItem.png */; };
		9C71EAD7129D646900137934 /* flagAsAnnotation.png in Resources */ = {isa = PBXBuildFile; fileRef = 9C71EAD5129D646900137934 /* flagAsAnnotation.png */; };
		9C71EAD8129D646900137934 /* flagAsAnnotationDisabled.png in Resources */ = {isa = PBXBuildFile; fileRef = 9C71EAD6129D646900137934 /* flagAsAnnotationDisabled.png */; };
		9C9C06F3129E6B410020C277 /* arrowAsBarItem.png in Resources */ = {isa = PBXBuildFile; fileRef = 9C9C06F2129E6B410020C277 /* arrowAsBarItem.png */; };
		9C9C0763129E87200020C277 /* backgroundCurlview.png in Resources */ = {isa = PBXBuildFile; fileRef = 9C9C0762129E87200020C277 /* backgroundCurlview.png */; };
		9C9C0776129E93960020C277 /* curlAsBarItem.png in Resources */ = {isa = PBXBuildFile; fileRef = 9C9C0774129E93960020C277 /* curlAsBarItem.png */; };
		9C9C0777129E93960020C277 /* curlDoneAsBarItem.png in Resources */ = {isa = PBXBuildFile; fileRef = 9C9C0775129E93960020C277 /* curlDoneAsBarItem.png */; };
		9C9D925F129B76C2004ACE05 /* BSAddressComponent.m in Sources */ = {isa = PBXBuildFile; fileRef = 9C9D9255129B76C2004ACE05 /* BSAddressComponent.m */; };
		9C9D9260129B76C2004ACE05 /* BSForwardGeocoder.m in Sources */ = {isa = PBXBuildFile; fileRef = 9C9D9257129B76C2004ACE05 /* BSForwardGeocoder.m */; };
		9C9D9261129B76C2004ACE05 /* BSKmlResult.m in Sources */ = {isa = PBXBuildFile; fileRef = 9C9D9259129B76C2004ACE05 /* BSKmlResult.m */; };
		9C9D9262129B76C2004ACE05 /* BSGoogleV2KmlParser.m in Sources */ = {isa = PBXBuildFile; fileRef = 9C9D925C129B76C2004ACE05 /* BSGoogleV2KmlParser.m */; };
		9C9D9263129B76C2004ACE05 /* BSGoogleV3KmlParser.m in Sources */ = {isa = PBXBuildFile; fileRef = 9C9D925E129B76C2004ACE05 /* BSGoogleV3KmlParser.m */; };
		9CBCE7C812D4B232003BEE3D /* mapsInTab.png in Resources */ = {isa = PBXBuildFile; fileRef = 9CBCE7C612D4B232003BEE3D /* mapsInTab.png */; };
		9CBCE7C912D4B232003BEE3D /* settingInTab.png in Resources */ = {isa = PBXBuildFile; fileRef = 9CBCE7C712D4B232003BEE3D /* settingInTab.png */; };
		9CBF7EBD127FB8D300F2BA52 /* YCDeviceStatus.m in Sources */ = {isa = PBXBuildFile; fileRef = 9CBF7EBC127FB8D300F2BA52 /* YCDeviceStatus.m */; };
		9CC1A97E12ACAA00009CB420 /* AnnotationInfoViewController.m in Sources */ = {isa = PBXBuildFile; fileRef = 9CC1A97C12ACAA00009CB420 /* AnnotationInfoViewController.m */; };
		9CC1A99312ACB187009CB420 /* AnnotationTitleTableCell.xib in Resources */ = {isa = PBXBuildFile; fileRef = 9CC1A99212ACB187009CB420 /* AnnotationTitleTableCell.xib */; };
		9CC1A99612ACB1AE009CB420 /* AnnotationTitleTableCell.m in Sources */ = {isa = PBXBuildFile; fileRef = 9CC1A99512ACB1AE009CB420 /* AnnotationTitleTableCell.m */; };
		9CC1A9D812ACB97C009CB420 /* AnnotationSubtitleTableCell.m in Sources */ = {isa = PBXBuildFile; fileRef = 9CC1A9D712ACB97C009CB420 /* AnnotationSubtitleTableCell.m */; };
		9CC1A9DA12ACB9A1009CB420 /* AnnotationSubtitleTableCell.xib in Resources */ = {isa = PBXBuildFile; fileRef = 9CC1A9D912ACB9A1009CB420 /* AnnotationSubtitleTableCell.xib */; };
		9CC5DC4912A6116B0061014A /* YCSearchBar.m in Sources */ = {isa = PBXBuildFile; fileRef = 9CC5DC4812A6116B0061014A /* YCSearchBar.m */; };
		9CC5DE0D12A67AD10061014A /* YCSearchDisplayController.m in Sources */ = {isa = PBXBuildFile; fileRef = 9CC5DE0C12A67AD10061014A /* YCSearchDisplayController.m */; };
		9CC5DE1012A67AF00061014A /* YCRegion.m in Sources */ = {isa = PBXBuildFile; fileRef = 9CC5DE0F12A67AF00061014A /* YCRegion.m */; };
		9CCA57C712A78BB80026BD13 /* YCTapView.m in Sources */ = {isa = PBXBuildFile; fileRef = 9CCA57C612A78BB80026BD13 /* YCTapView.m */; };
		9CCC2BF612C3243D004D3FC1 /* CellHeaderView.xib in Resources */ = {isa = PBXBuildFile; fileRef = 9CCC2BF512C3243D004D3FC1 /* CellHeaderView.xib */; };
		9CCC2BFA12C32595004D3FC1 /* CellHeaderView.m in Sources */ = {isa = PBXBuildFile; fileRef = 9CCC2BF912C32595004D3FC1 /* CellHeaderView.m */; };
		9CCC2D4212C36397004D3FC1 /* shared-iphone-2x-172.png in Resources */ = {isa = PBXBuildFile; fileRef = 9CCC2D4112C36397004D3FC1 /* shared-iphone-2x-172.png */; };
		9CCC2D9112C36FD0004D3FC1 /* Pin1.png in Resources */ = {isa = PBXBuildFile; fileRef = 9CCC2D8F12C36FD0004D3FC1 /* Pin1.png */; };
		9CCC2D9212C36FD0004D3FC1 /* shared-iphone-172.png in Resources */ = {isa = PBXBuildFile; fileRef = 9CCC2D9012C36FD0004D3FC1 /* shared-iphone-172.png */; };
		9CCCA33B12A54373009AC24D /* YCSearchController.m in Sources */ = {isa = PBXBuildFile; fileRef = 9CCCA0AA12A54372009AC24D /* YCSearchController.m */; };
		9CD0568E12CC271A004895B9 /* WaitingCell.xib in Resources */ = {isa = PBXBuildFile; fileRef = 9CD0568D12CC271A004895B9 /* WaitingCell.xib */; };
		9CD0B70C12D4580600558094 /* replacePin.png in Resources */ = {isa = PBXBuildFile; fileRef = 9CD0B70B12D4580600558094 /* replacePin.png */; };
		9CD2337F12CCCA430029F826 /* DisclosureIndicator-HighLighted.png in Resources */ = {isa = PBXBuildFile; fileRef = 9CD2337C12CCCA430029F826 /* DisclosureIndicator-HighLighted.png */; };
		9CD2338012CCCA430029F826 /* DisclosureIndicator.png in Resources */ = {isa = PBXBuildFile; fileRef = 9CD2337D12CCCA430029F826 /* DisclosureIndicator.png */; };
		9CD2338112CCCA430029F826 /* Pin-2x.png in Resources */ = {isa = PBXBuildFile; fileRef = 9CD2337E12CCCA430029F826 /* Pin-2x.png */; };
		9CD425A112AB31A70005CDAD /* MapBookmarksListController.m in Sources */ = {isa = PBXBuildFile; fileRef = 9CD4259F12AB31A70005CDAD /* MapBookmarksListController.m */; };
		9CD4266412AB40000005CDAD /* MapBookmark.m in Sources */ = {isa = PBXBuildFile; fileRef = 9CD4266312AB40000005CDAD /* MapBookmark.m */; };
		9CD426C612AB45C00005CDAD /* CoreData.framework in Frameworks */ = {isa = PBXBuildFile; fileRef = 9CD426C512AB45C00005CDAD /* CoreData.framework */; };
		9CD61DCE12A35D1A00DC9C36 /* AlarmMapCurrentViewController.xib in Resources */ = {isa = PBXBuildFile; fileRef = 9CD61DCD12A35D1A00DC9C36 /* AlarmMapCurrentViewController.xib */; };
		9CDC2F9812C0618200015950 /* BoolCell.m in Sources */ = {isa = PBXBuildFile; fileRef = 9CDC2F9712C0618200015950 /* BoolCell.m */; };
		9CDC304D12C0710200015950 /* WaitingCell.m in Sources */ = {isa = PBXBuildFile; fileRef = 9CDC304C12C0710200015950 /* WaitingCell.m */; };
		9CDC310412C07C9000015950 /* currentLocationIconInCell.png in Resources */ = {isa = PBXBuildFile; fileRef = 9CDC310212C07C9000015950 /* currentLocationIconInCell.png */; };
		9CDC310512C07C9000015950 /* mapIconIncell.png in Resources */ = {isa = PBXBuildFile; fileRef = 9CDC310312C07C9000015950 /* mapIconIncell.png */; };
		9CDCB81A12C38DEB00DDDD3D /* Pin1-Gray.png in Resources */ = {isa = PBXBuildFile; fileRef = 9CDCB81812C38DEB00DDDD3D /* Pin1-Gray.png */; };
		9CDCB81B12C38DEB00DDDD3D /* shared-iphone-172-Gray.png in Resources */ = {isa = PBXBuildFile; fileRef = 9CDCB81912C38DEB00DDDD3D /* shared-iphone-172-Gray.png */; };
		9CE04FB412A9E3800003115C /* nextAsBarItem.png in Resources */ = {isa = PBXBuildFile; fileRef = 9CE04FB212A9E3800003115C /* nextAsBarItem.png */; };
		9CE04FB512A9E3800003115C /* previousAsBarItem.png in Resources */ = {isa = PBXBuildFile; fileRef = 9CE04FB312A9E3800003115C /* previousAsBarItem.png */; };
/* End PBXBuildFile section */

/* Begin PBXFileReference section */
		1D30AB110D05D00D00671497 /* Foundation.framework */ = {isa = PBXFileReference; lastKnownFileType = wrapper.framework; name = Foundation.framework; path = System/Library/Frameworks/Foundation.framework; sourceTree = SDKROOT; };
		1D6058910D05DD3D006BFB54 /* iAlarm.app */ = {isa = PBXFileReference; explicitFileType = wrapper.application; includeInIndex = 0; path = iAlarm.app; sourceTree = BUILT_PRODUCTS_DIR; };
		1DF5F4DF0D08C38300B7A737 /* UIKit.framework */ = {isa = PBXFileReference; lastKnownFileType = wrapper.framework; name = UIKit.framework; path = System/Library/Frameworks/UIKit.framework; sourceTree = SDKROOT; };
		288765070DF74369002DB57D /* CoreGraphics.framework */ = {isa = PBXFileReference; lastKnownFileType = wrapper.framework; name = CoreGraphics.framework; path = System/Library/Frameworks/CoreGraphics.framework; sourceTree = SDKROOT; };
		28A0AB4B0D9B1048005BE974 /* iAlarm_Prefix.pch */ = {isa = PBXFileReference; fileEncoding = 4; lastKnownFileType = sourcecode.c.h; path = iAlarm_Prefix.pch; sourceTree = "<group>"; };
		29B97316FDCFA39411CA2CEA /* main.m */ = {isa = PBXFileReference; fileEncoding = 4; lastKnownFileType = sourcecode.c.objc; path = main.m; sourceTree = "<group>"; };
		8D1107310486CEB800E47090 /* iAlarm-Info.plist */ = {isa = PBXFileReference; fileEncoding = 4; lastKnownFileType = text.plist.xml; name = "iAlarm-Info.plist"; path = "../iAlarm-Info.plist"; plistStructureDefinitionIdentifier = "com.apple.xcode.plist.structure-definition.iphone.info-plist"; sourceTree = "<group>"; };
		9C017D8512BF082100710E16 /* AlarmDetailTableViewController.h */ = {isa = PBXFileReference; fileEncoding = 4; lastKnownFileType = sourcecode.c.h; path = AlarmDetailTableViewController.h; sourceTree = "<group>"; };
		9C017D8612BF082100710E16 /* AlarmDetailTableViewController.m */ = {isa = PBXFileReference; fileEncoding = 4; lastKnownFileType = sourcecode.c.objc; path = AlarmDetailTableViewController.m; sourceTree = "<group>"; };
		9C017D8712BF082100710E16 /* AlarmsListViewController.h */ = {isa = PBXFileReference; fileEncoding = 4; lastKnownFileType = sourcecode.c.h; path = AlarmsListViewController.h; sourceTree = "<group>"; };
		9C017D8812BF082100710E16 /* AlarmsListViewController.m */ = {isa = PBXFileReference; fileEncoding = 4; lastKnownFileType = sourcecode.c.objc; path = AlarmsListViewController.m; sourceTree = "<group>"; };
		9C017F2912BF755A00710E16 /* TableViewCellDescription.h */ = {isa = PBXFileReference; fileEncoding = 4; lastKnownFileType = sourcecode.c.h; path = TableViewCellDescription.h; sourceTree = "<group>"; };
		9C017F2A12BF755A00710E16 /* TableViewCellDescription.m */ = {isa = PBXFileReference; fileEncoding = 4; lastKnownFileType = sourcecode.c.objc; path = TableViewCellDescription.m; sourceTree = "<group>"; };
		9C129918127E8DC000054B82 /* checkmarkicon.png */ = {isa = PBXFileReference; lastKnownFileType = image.png; path = checkmarkicon.png; sourceTree = "<group>"; };
		9C129919127E8DC000054B82 /* DarkBackground.png */ = {isa = PBXFileReference; lastKnownFileType = image.png; path = DarkBackground.png; sourceTree = "<group>"; };
		9C12991A127E8DC000054B82 /* LightBackground.png */ = {isa = PBXFileReference; lastKnownFileType = image.png; path = LightBackground.png; sourceTree = "<group>"; };
		9C12991B127E8DC000054B82 /* MathGraph.png */ = {isa = PBXFileReference; lastKnownFileType = image.png; path = MathGraph.png; sourceTree = "<group>"; };
		9C129920127E8DC000054B82 /* AlarmLRepeatTypeViewController.h */ = {isa = PBXFileReference; fileEncoding = 4; lastKnownFileType = sourcecode.c.h; path = AlarmLRepeatTypeViewController.h; sourceTree = "<group>"; };
		9C129921127E8DC000054B82 /* AlarmLRepeatTypeViewController.m */ = {isa = PBXFileReference; fileEncoding = 4; lastKnownFileType = sourcecode.c.objc; path = AlarmLRepeatTypeViewController.m; sourceTree = "<group>"; };
		9C129922127E8DC000054B82 /* AlarmLSoundViewController.h */ = {isa = PBXFileReference; fileEncoding = 4; lastKnownFileType = sourcecode.c.h; path = AlarmLSoundViewController.h; sourceTree = "<group>"; };
		9C129923127E8DC000054B82 /* AlarmLSoundViewController.m */ = {isa = PBXFileReference; fileEncoding = 4; lastKnownFileType = sourcecode.c.objc; path = AlarmLSoundViewController.m; sourceTree = "<group>"; };
		9C129924127E8DC000054B82 /* AlarmModify.h */ = {isa = PBXFileReference; fileEncoding = 4; lastKnownFileType = sourcecode.c.h; path = AlarmModify.h; sourceTree = "<group>"; };
		9C129926127E8DC000054B82 /* AlarmModifyTableViewController.h */ = {isa = PBXFileReference; fileEncoding = 4; lastKnownFileType = sourcecode.c.h; path = AlarmModifyTableViewController.h; sourceTree = "<group>"; };
		9C129927127E8DC000054B82 /* AlarmModifyTableViewController.m */ = {isa = PBXFileReference; fileEncoding = 4; lastKnownFileType = sourcecode.c.objc; path = AlarmModifyTableViewController.m; sourceTree = "<group>"; };
		9C129928127E8DC000054B82 /* AlarmModifyViewController.h */ = {isa = PBXFileReference; fileEncoding = 4; lastKnownFileType = sourcecode.c.h; path = AlarmModifyViewController.h; sourceTree = "<group>"; };
		9C129929127E8DC000054B82 /* AlarmModifyViewController.m */ = {isa = PBXFileReference; fileEncoding = 4; lastKnownFileType = sourcecode.c.objc; path = AlarmModifyViewController.m; sourceTree = "<group>"; };
		9C12992A127E8DC000054B82 /* AlarmNameViewController.h */ = {isa = PBXFileReference; fileEncoding = 4; lastKnownFileType = sourcecode.c.h; path = AlarmNameViewController.h; sourceTree = "<group>"; };
		9C12992B127E8DC000054B82 /* AlarmNameViewController.m */ = {isa = PBXFileReference; fileEncoding = 4; lastKnownFileType = sourcecode.c.objc; path = AlarmNameViewController.m; sourceTree = "<group>"; };
		9C12992C127E8DC000054B82 /* AlarmNameViewController.xib */ = {isa = PBXFileReference; lastKnownFileType = file.xib; path = AlarmNameViewController.xib; sourceTree = "<group>"; };
		9C129931127E8DC000054B82 /* AlarmPositionMapViewController.h */ = {isa = PBXFileReference; fileEncoding = 4; lastKnownFileType = sourcecode.c.h; path = AlarmPositionMapViewController.h; sourceTree = "<group>"; };
		9C129932127E8DC000054B82 /* AlarmPositionMapViewController.m */ = {isa = PBXFileReference; fileEncoding = 4; lastKnownFileType = sourcecode.c.objc; path = AlarmPositionMapViewController.m; sourceTree = "<group>"; };
		9C129933127E8DC000054B82 /* AlarmPositionMapViewController.xib */ = {isa = PBXFileReference; lastKnownFileType = file.xib; path = AlarmPositionMapViewController.xib; sourceTree = "<group>"; };
		9C129939127E8DC000054B82 /* ApplicationCell.h */ = {isa = PBXFileReference; fileEncoding = 4; lastKnownFileType = sourcecode.c.h; path = ApplicationCell.h; sourceTree = "<group>"; };
		9C12993A127E8DC000054B82 /* ApplicationCell.m */ = {isa = PBXFileReference; fileEncoding = 4; lastKnownFileType = sourcecode.c.objc; path = ApplicationCell.m; sourceTree = "<group>"; };
		9C12993B127E8DC000054B82 /* CheckmarkDisclosureIndicatorCell.h */ = {isa = PBXFileReference; fileEncoding = 4; lastKnownFileType = sourcecode.c.h; path = CheckmarkDisclosureIndicatorCell.h; sourceTree = "<group>"; };
		9C12993C127E8DC000054B82 /* CheckmarkDisclosureIndicatorCell.m */ = {isa = PBXFileReference; fileEncoding = 4; lastKnownFileType = sourcecode.c.objc; path = CheckmarkDisclosureIndicatorCell.m; sourceTree = "<group>"; };
		9C12993D127E8DC000054B82 /* DataUtility.h */ = {isa = PBXFileReference; fileEncoding = 4; lastKnownFileType = sourcecode.c.h; name = DataUtility.h; path = SourceCode/DataUtility.h; sourceTree = "<group>"; };
		9C12993E127E8DC000054B82 /* DataUtility.m */ = {isa = PBXFileReference; fileEncoding = 4; lastKnownFileType = sourcecode.c.objc; name = DataUtility.m; path = SourceCode/DataUtility.m; sourceTree = "<group>"; };
		9C12993F127E8DC000054B82 /* DicManager.h */ = {isa = PBXFileReference; fileEncoding = 4; lastKnownFileType = sourcecode.c.h; name = DicManager.h; path = SourceCode/DicManager.h; sourceTree = "<group>"; };
		9C129940127E8DC000054B82 /* DicManager.m */ = {isa = PBXFileReference; fileEncoding = 4; lastKnownFileType = sourcecode.c.objc; name = DicManager.m; path = SourceCode/DicManager.m; sourceTree = "<group>"; };
		9C129941127E8DC000054B82 /* iAlarmAppDelegate.h */ = {isa = PBXFileReference; fileEncoding = 4; lastKnownFileType = sourcecode.c.h; path = iAlarmAppDelegate.h; sourceTree = "<group>"; };
		9C129942127E8DC000054B82 /* iAlarmAppDelegate.m */ = {isa = PBXFileReference; fileEncoding = 4; lastKnownFileType = sourcecode.c.objc; path = iAlarmAppDelegate.m; sourceTree = "<group>"; };
		9C129943127E8DC000054B82 /* IndividualSubviewsBasedApplicationCell.h */ = {isa = PBXFileReference; fileEncoding = 4; lastKnownFileType = sourcecode.c.h; path = IndividualSubviewsBasedApplicationCell.h; sourceTree = "<group>"; };
		9C129944127E8DC000054B82 /* IndividualSubviewsBasedApplicationCell.m */ = {isa = PBXFileReference; fileEncoding = 4; lastKnownFileType = sourcecode.c.objc; path = IndividualSubviewsBasedApplicationCell.m; sourceTree = "<group>"; };
		9C129945127E8DC000054B82 /* IndividualSubviewsBasedApplicationCell.xib */ = {isa = PBXFileReference; lastKnownFileType = file.xib; path = IndividualSubviewsBasedApplicationCell.xib; sourceTree = "<group>"; };
		9C129946127E8DC000054B82 /* LocationUtility.h */ = {isa = PBXFileReference; fileEncoding = 4; lastKnownFileType = sourcecode.c.h; name = LocationUtility.h; path = SourceCode/LocationUtility.h; sourceTree = "<group>"; };
		9C129947127E8DC000054B82 /* LocationUtility.m */ = {isa = PBXFileReference; fileEncoding = 4; lastKnownFileType = sourcecode.c.objc; name = LocationUtility.m; path = SourceCode/LocationUtility.m; sourceTree = "<group>"; };
		9C129948127E8DC000054B82 /* MainWindow.xib */ = {isa = PBXFileReference; lastKnownFileType = file.xib; path = MainWindow.xib; sourceTree = "<group>"; };
		9C129949127E8DC000054B82 /* RatingView.h */ = {isa = PBXFileReference; fileEncoding = 4; lastKnownFileType = sourcecode.c.h; path = RatingView.h; sourceTree = "<group>"; };
		9C12994A127E8DC000054B82 /* RatingView.m */ = {isa = PBXFileReference; fileEncoding = 4; lastKnownFileType = sourcecode.c.objc; path = RatingView.m; sourceTree = "<group>"; };
		9C12994B127E8DC000054B82 /* RegionsCenter.h */ = {isa = PBXFileReference; fileEncoding = 4; lastKnownFileType = sourcecode.c.h; name = RegionsCenter.h; path = SourceCode/RegionsCenter.h; sourceTree = "<group>"; };
		9C12994C127E8DC000054B82 /* RegionsCenter.m */ = {isa = PBXFileReference; fileEncoding = 4; lastKnownFileType = sourcecode.c.objc; name = RegionsCenter.m; path = SourceCode/RegionsCenter.m; sourceTree = "<group>"; };
		9C129950127E8DC000054B82 /* SettingViewController.h */ = {isa = PBXFileReference; fileEncoding = 4; lastKnownFileType = sourcecode.c.h; path = SettingViewController.h; sourceTree = "<group>"; };
		9C129951127E8DC000054B82 /* SettingViewController.m */ = {isa = PBXFileReference; fileEncoding = 4; lastKnownFileType = sourcecode.c.objc; path = SettingViewController.m; sourceTree = "<group>"; };
		9C129952127E8DC000054B82 /* SettingViewController.xib */ = {isa = PBXFileReference; lastKnownFileType = file.xib; path = SettingViewController.xib; sourceTree = "<group>"; };
		9C129953127E8DC000054B82 /* StandardLocationManager.h */ = {isa = PBXFileReference; fileEncoding = 4; lastKnownFileType = sourcecode.c.h; name = StandardLocationManager.h; path = SourceCode/StandardLocationManager.h; sourceTree = "<group>"; };
		9C129954127E8DC000054B82 /* StandardLocationManager.m */ = {isa = PBXFileReference; fileEncoding = 4; lastKnownFileType = sourcecode.c.objc; name = StandardLocationManager.m; path = SourceCode/StandardLocationManager.m; sourceTree = "<group>"; };
		9C129955127E8DC000054B82 /* UIUtility.h */ = {isa = PBXFileReference; fileEncoding = 4; lastKnownFileType = sourcecode.c.h; name = UIUtility.h; path = SourceCode/UIUtility.h; sourceTree = "<group>"; };
		9C129956127E8DC000054B82 /* UIUtility.m */ = {isa = PBXFileReference; fileEncoding = 4; lastKnownFileType = sourcecode.c.objc; name = UIUtility.m; path = SourceCode/UIUtility.m; sourceTree = "<group>"; };
		9C129957127E8DC000054B82 /* YCAlarmEntity.h */ = {isa = PBXFileReference; fileEncoding = 4; lastKnownFileType = sourcecode.c.h; name = YCAlarmEntity.h; path = SourceCode/YCAlarmEntity.h; sourceTree = "<group>"; };
		9C129958127E8DC000054B82 /* YCAlarmEntity.m */ = {isa = PBXFileReference; fileEncoding = 4; lastKnownFileType = sourcecode.c.objc; name = YCAlarmEntity.m; path = SourceCode/YCAlarmEntity.m; sourceTree = "<group>"; };
		9C129959127E8DC000054B82 /* YCAnnotation.h */ = {isa = PBXFileReference; fileEncoding = 4; lastKnownFileType = sourcecode.c.h; name = YCAnnotation.h; path = SourceCode/YCAnnotation.h; sourceTree = "<group>"; };
		9C12995A127E8DC000054B82 /* YCAnnotation.m */ = {isa = PBXFileReference; fileEncoding = 4; lastKnownFileType = sourcecode.c.objc; name = YCAnnotation.m; path = SourceCode/YCAnnotation.m; sourceTree = "<group>"; };
		9C12995B127E8DC000054B82 /* YCAnnotationView.h */ = {isa = PBXFileReference; fileEncoding = 4; lastKnownFileType = sourcecode.c.h; name = YCAnnotationView.h; path = SourceCode/YCAnnotationView.h; sourceTree = "<group>"; };
		9C12995C127E8DC000054B82 /* YCAnnotationView.m */ = {isa = PBXFileReference; fileEncoding = 4; lastKnownFileType = sourcecode.c.objc; name = YCAnnotationView.m; path = SourceCode/YCAnnotationView.m; sourceTree = "<group>"; };
		9C12995F127E8DC000054B82 /* YCLocationManager.h */ = {isa = PBXFileReference; fileEncoding = 4; lastKnownFileType = sourcecode.c.h; name = YCLocationManager.h; path = SourceCode/YCLocationManager.h; sourceTree = "<group>"; };
		9C129960127E8DC000054B82 /* YCLocationManager.m */ = {isa = PBXFileReference; fileEncoding = 4; lastKnownFileType = sourcecode.c.objc; name = YCLocationManager.m; path = SourceCode/YCLocationManager.m; sourceTree = "<group>"; };
		9C129961127E8DC000054B82 /* YCLocationManagerDelegate.h */ = {isa = PBXFileReference; fileEncoding = 4; lastKnownFileType = sourcecode.c.h; name = YCLocationManagerDelegate.h; path = SourceCode/YCLocationManagerDelegate.h; sourceTree = "<group>"; };
		9C129962127E8DC000054B82 /* YCLocationManagerDelegate.m */ = {isa = PBXFileReference; fileEncoding = 4; lastKnownFileType = sourcecode.c.objc; name = YCLocationManagerDelegate.m; path = SourceCode/YCLocationManagerDelegate.m; sourceTree = "<group>"; };
		9C129963127E8DC000054B82 /* YCLocationManagerDelegateProtocol.h */ = {isa = PBXFileReference; fileEncoding = 4; lastKnownFileType = sourcecode.c.h; name = YCLocationManagerDelegateProtocol.h; path = SourceCode/YCLocationManagerDelegateProtocol.h; sourceTree = "<group>"; };
		9C129964127E8DC000054B82 /* YCParam.h */ = {isa = PBXFileReference; fileEncoding = 4; lastKnownFileType = sourcecode.c.h; path = YCParam.h; sourceTree = "<group>"; };
		9C129965127E8DC000054B82 /* YCParam.m */ = {isa = PBXFileReference; fileEncoding = 4; lastKnownFileType = sourcecode.c.objc; path = YCParam.m; sourceTree = "<group>"; };
		9C129966127E8DC000054B82 /* YCPositionType.h */ = {isa = PBXFileReference; fileEncoding = 4; lastKnownFileType = sourcecode.c.h; name = YCPositionType.h; path = SourceCode/YCPositionType.h; sourceTree = "<group>"; };
		9C129967127E8DC000054B82 /* YCPositionType.m */ = {isa = PBXFileReference; fileEncoding = 4; lastKnownFileType = sourcecode.c.objc; name = YCPositionType.m; path = SourceCode/YCPositionType.m; sourceTree = "<group>"; };
		9C129968127E8DC000054B82 /* YCRepeatType.h */ = {isa = PBXFileReference; fileEncoding = 4; lastKnownFileType = sourcecode.c.h; name = YCRepeatType.h; path = SourceCode/YCRepeatType.h; sourceTree = "<group>"; };
		9C129969127E8DC000054B82 /* YCRepeatType.m */ = {isa = PBXFileReference; fileEncoding = 4; lastKnownFileType = sourcecode.c.objc; name = YCRepeatType.m; path = SourceCode/YCRepeatType.m; sourceTree = "<group>"; };
		9C12996A127E8DC000054B82 /* YCSound.h */ = {isa = PBXFileReference; fileEncoding = 4; lastKnownFileType = sourcecode.c.h; name = YCSound.h; path = SourceCode/YCSound.h; sourceTree = "<group>"; };
		9C12996B127E8DC000054B82 /* YCSound.m */ = {isa = PBXFileReference; fileEncoding = 4; lastKnownFileType = sourcecode.c.objc; name = YCSound.m; path = SourceCode/YCSound.m; sourceTree = "<group>"; };
		9C12996C127E8DC000054B82 /* YCVehicleType.h */ = {isa = PBXFileReference; fileEncoding = 4; lastKnownFileType = sourcecode.c.h; name = YCVehicleType.h; path = SourceCode/YCVehicleType.h; sourceTree = "<group>"; };
		9C12996D127E8DC000054B82 /* YCVehicleType.m */ = {isa = PBXFileReference; fileEncoding = 4; lastKnownFileType = sourcecode.c.objc; name = YCVehicleType.m; path = SourceCode/YCVehicleType.m; sourceTree = "<group>"; };
		9C12999E127E8DD100054B82 /* CoreLocation.framework */ = {isa = PBXFileReference; lastKnownFileType = wrapper.framework; name = CoreLocation.framework; path = System/Library/Frameworks/CoreLocation.framework; sourceTree = SDKROOT; };
		9C1299A0127E8DDC00054B82 /* MapKit.framework */ = {isa = PBXFileReference; lastKnownFileType = wrapper.framework; name = MapKit.framework; path = System/Library/Frameworks/MapKit.framework; sourceTree = SDKROOT; };
		9C1299A2127E8DE900054B82 /* QuartzCore.framework */ = {isa = PBXFileReference; lastKnownFileType = wrapper.framework; name = QuartzCore.framework; path = System/Library/Frameworks/QuartzCore.framework; sourceTree = SDKROOT; };
		9C135BAD12CAE97B004A3C3E /* MapNotification.h */ = {isa = PBXFileReference; fileEncoding = 4; lastKnownFileType = sourcecode.c.h; path = MapNotification.h; sourceTree = "<group>"; };
		9C135CA312CB315B004A3C3E /* AlarmModifyNotification.h */ = {isa = PBXFileReference; fileEncoding = 4; lastKnownFileType = sourcecode.c.h; path = AlarmModifyNotification.h; sourceTree = "<group>"; };
		9C14F26E1287FFE40000689A /* DebugViewController.h */ = {isa = PBXFileReference; fileEncoding = 4; lastKnownFileType = sourcecode.c.h; path = DebugViewController.h; sourceTree = "<group>"; };
		9C14F26F1287FFE40000689A /* DebugViewController.m */ = {isa = PBXFileReference; fileEncoding = 4; lastKnownFileType = sourcecode.c.objc; path = DebugViewController.m; sourceTree = "<group>"; };
		9C14F2701287FFE40000689A /* DebugViewController.xib */ = {isa = PBXFileReference; lastKnownFileType = file.xib; path = DebugViewController.xib; sourceTree = "<group>"; };
		9C14F2A2128822580000689A /* YCLog.h */ = {isa = PBXFileReference; fileEncoding = 4; lastKnownFileType = sourcecode.c.h; path = YCLog.h; sourceTree = "<group>"; };
		9C14F2A3128822580000689A /* YCLog.m */ = {isa = PBXFileReference; fileEncoding = 4; lastKnownFileType = sourcecode.c.objc; path = YCLog.m; sourceTree = "<group>"; };
		9C3E406912AD2DE100D16658 /* mapInfoCurrent.png */ = {isa = PBXFileReference; lastKnownFileType = image.png; path = mapInfoCurrent.png; sourceTree = "<group>"; };
		9C3E406A12AD2DE100D16658 /* mapInfoGreen.png */ = {isa = PBXFileReference; lastKnownFileType = image.png; path = mapInfoGreen.png; sourceTree = "<group>"; };
		9C3E406B12AD2DE100D16658 /* mapInfoPurple.png */ = {isa = PBXFileReference; lastKnownFileType = image.png; path = mapInfoPurple.png; sourceTree = "<group>"; };
		9C3E406C12AD2DE100D16658 /* mapInfoRed.png */ = {isa = PBXFileReference; lastKnownFileType = image.png; path = mapInfoRed.png; sourceTree = "<group>"; };
		9C48CC9E129E03C7008069CC /* LocalizedString.h */ = {isa = PBXFileReference; fileEncoding = 4; lastKnownFileType = sourcecode.c.h; path = LocalizedString.h; sourceTree = "<group>"; };
		9C48CC9F129E03C7008069CC /* LocalizedString.m */ = {isa = PBXFileReference; fileEncoding = 4; lastKnownFileType = sourcecode.c.objc; path = LocalizedString.m; sourceTree = "<group>"; };
		9C6B1B141293CABD003D8CC7 /* Reachability.h */ = {isa = PBXFileReference; fileEncoding = 4; lastKnownFileType = sourcecode.c.h; name = Reachability.h; path = SourceCode/Reachability.h; sourceTree = "<group>"; };
		9C6B1B151293CABD003D8CC7 /* Reachability.m */ = {isa = PBXFileReference; fileEncoding = 4; lastKnownFileType = sourcecode.c.objc; name = Reachability.m; path = SourceCode/Reachability.m; sourceTree = "<group>"; };
		9C6B1B351293CAE7003D8CC7 /* SystemConfiguration.framework */ = {isa = PBXFileReference; lastKnownFileType = wrapper.framework; name = SystemConfiguration.framework; path = System/Library/Frameworks/SystemConfiguration.framework; sourceTree = SDKROOT; };
		9C71EACB129D629400137934 /* flagAsBarItem.png */ = {isa = PBXFileReference; lastKnownFileType = image.png; path = flagAsBarItem.png; sourceTree = "<group>"; };
		9C71EAD5129D646900137934 /* flagAsAnnotation.png */ = {isa = PBXFileReference; lastKnownFileType = image.png; path = flagAsAnnotation.png; sourceTree = "<group>"; };
		9C71EAD6129D646900137934 /* flagAsAnnotationDisabled.png */ = {isa = PBXFileReference; lastKnownFileType = image.png; path = flagAsAnnotationDisabled.png; sourceTree = "<group>"; };
		9C9C06F2129E6B410020C277 /* arrowAsBarItem.png */ = {isa = PBXFileReference; lastKnownFileType = image.png; path = arrowAsBarItem.png; sourceTree = "<group>"; };
		9C9C0762129E87200020C277 /* backgroundCurlview.png */ = {isa = PBXFileReference; lastKnownFileType = image.png; path = backgroundCurlview.png; sourceTree = "<group>"; };
		9C9C0774129E93960020C277 /* curlAsBarItem.png */ = {isa = PBXFileReference; lastKnownFileType = image.png; path = curlAsBarItem.png; sourceTree = "<group>"; };
		9C9C0775129E93960020C277 /* curlDoneAsBarItem.png */ = {isa = PBXFileReference; lastKnownFileType = image.png; path = curlDoneAsBarItem.png; sourceTree = "<group>"; };
		9C9D9254129B76C2004ACE05 /* BSAddressComponent.h */ = {isa = PBXFileReference; fileEncoding = 4; lastKnownFileType = sourcecode.c.h; path = BSAddressComponent.h; sourceTree = "<group>"; };
		9C9D9255129B76C2004ACE05 /* BSAddressComponent.m */ = {isa = PBXFileReference; fileEncoding = 4; lastKnownFileType = sourcecode.c.objc; path = BSAddressComponent.m; sourceTree = "<group>"; };
		9C9D9256129B76C2004ACE05 /* BSForwardGeocoder.h */ = {isa = PBXFileReference; fileEncoding = 4; lastKnownFileType = sourcecode.c.h; path = BSForwardGeocoder.h; sourceTree = "<group>"; };
		9C9D9257129B76C2004ACE05 /* BSForwardGeocoder.m */ = {isa = PBXFileReference; fileEncoding = 4; lastKnownFileType = sourcecode.c.objc; path = BSForwardGeocoder.m; sourceTree = "<group>"; };
		9C9D9258129B76C2004ACE05 /* BSKmlResult.h */ = {isa = PBXFileReference; fileEncoding = 4; lastKnownFileType = sourcecode.c.h; path = BSKmlResult.h; sourceTree = "<group>"; };
		9C9D9259129B76C2004ACE05 /* BSKmlResult.m */ = {isa = PBXFileReference; fileEncoding = 4; lastKnownFileType = sourcecode.c.objc; path = BSKmlResult.m; sourceTree = "<group>"; };
		9C9D925B129B76C2004ACE05 /* BSGoogleV2KmlParser.h */ = {isa = PBXFileReference; fileEncoding = 4; lastKnownFileType = sourcecode.c.h; path = BSGoogleV2KmlParser.h; sourceTree = "<group>"; };
		9C9D925C129B76C2004ACE05 /* BSGoogleV2KmlParser.m */ = {isa = PBXFileReference; fileEncoding = 4; lastKnownFileType = sourcecode.c.objc; path = BSGoogleV2KmlParser.m; sourceTree = "<group>"; };
		9C9D925D129B76C2004ACE05 /* BSGoogleV3KmlParser.h */ = {isa = PBXFileReference; fileEncoding = 4; lastKnownFileType = sourcecode.c.h; path = BSGoogleV3KmlParser.h; sourceTree = "<group>"; };
		9C9D925E129B76C2004ACE05 /* BSGoogleV3KmlParser.m */ = {isa = PBXFileReference; fileEncoding = 4; lastKnownFileType = sourcecode.c.objc; path = BSGoogleV3KmlParser.m; sourceTree = "<group>"; };
		9CBCE7C612D4B232003BEE3D /* mapsInTab.png */ = {isa = PBXFileReference; lastKnownFileType = image.png; path = mapsInTab.png; sourceTree = "<group>"; };
		9CBCE7C712D4B232003BEE3D /* settingInTab.png */ = {isa = PBXFileReference; lastKnownFileType = image.png; path = settingInTab.png; sourceTree = "<group>"; };
		9CBF7EBB127FB8D300F2BA52 /* YCDeviceStatus.h */ = {isa = PBXFileReference; fileEncoding = 4; lastKnownFileType = sourcecode.c.h; path = YCDeviceStatus.h; sourceTree = "<group>"; };
		9CBF7EBC127FB8D300F2BA52 /* YCDeviceStatus.m */ = {isa = PBXFileReference; fileEncoding = 4; lastKnownFileType = sourcecode.c.objc; path = YCDeviceStatus.m; sourceTree = "<group>"; };
		9CC1A97B12ACAA00009CB420 /* AnnotationInfoViewController.h */ = {isa = PBXFileReference; fileEncoding = 4; lastKnownFileType = sourcecode.c.h; path = AnnotationInfoViewController.h; sourceTree = "<group>"; };
		9CC1A97C12ACAA00009CB420 /* AnnotationInfoViewController.m */ = {isa = PBXFileReference; fileEncoding = 4; lastKnownFileType = sourcecode.c.objc; path = AnnotationInfoViewController.m; sourceTree = "<group>"; };
		9CC1A99212ACB187009CB420 /* AnnotationTitleTableCell.xib */ = {isa = PBXFileReference; lastKnownFileType = file.xib; path = AnnotationTitleTableCell.xib; sourceTree = "<group>"; };
		9CC1A99412ACB1AE009CB420 /* AnnotationTitleTableCell.h */ = {isa = PBXFileReference; fileEncoding = 4; lastKnownFileType = sourcecode.c.h; path = AnnotationTitleTableCell.h; sourceTree = "<group>"; };
		9CC1A99512ACB1AE009CB420 /* AnnotationTitleTableCell.m */ = {isa = PBXFileReference; fileEncoding = 4; lastKnownFileType = sourcecode.c.objc; path = AnnotationTitleTableCell.m; sourceTree = "<group>"; };
		9CC1A9D612ACB97C009CB420 /* AnnotationSubtitleTableCell.h */ = {isa = PBXFileReference; fileEncoding = 4; lastKnownFileType = sourcecode.c.h; path = AnnotationSubtitleTableCell.h; sourceTree = "<group>"; };
		9CC1A9D712ACB97C009CB420 /* AnnotationSubtitleTableCell.m */ = {isa = PBXFileReference; fileEncoding = 4; lastKnownFileType = sourcecode.c.objc; path = AnnotationSubtitleTableCell.m; sourceTree = "<group>"; };
		9CC1A9D912ACB9A1009CB420 /* AnnotationSubtitleTableCell.xib */ = {isa = PBXFileReference; lastKnownFileType = file.xib; path = AnnotationSubtitleTableCell.xib; sourceTree = "<group>"; };
		9CC5DC4712A6116B0061014A /* YCSearchBar.h */ = {isa = PBXFileReference; fileEncoding = 4; lastKnownFileType = sourcecode.c.h; path = YCSearchBar.h; sourceTree = "<group>"; };
		9CC5DC4812A6116B0061014A /* YCSearchBar.m */ = {isa = PBXFileReference; fileEncoding = 4; lastKnownFileType = sourcecode.c.objc; path = YCSearchBar.m; sourceTree = "<group>"; };
		9CC5DE0B12A67AD10061014A /* YCSearchDisplayController.h */ = {isa = PBXFileReference; fileEncoding = 4; lastKnownFileType = sourcecode.c.h; path = YCSearchDisplayController.h; sourceTree = "<group>"; };
		9CC5DE0C12A67AD10061014A /* YCSearchDisplayController.m */ = {isa = PBXFileReference; fileEncoding = 4; lastKnownFileType = sourcecode.c.objc; path = YCSearchDisplayController.m; sourceTree = "<group>"; };
		9CC5DE0E12A67AF00061014A /* YCRegion.h */ = {isa = PBXFileReference; fileEncoding = 4; lastKnownFileType = sourcecode.c.h; name = YCRegion.h; path = SourceCode/YCRegion.h; sourceTree = "<group>"; };
		9CC5DE0F12A67AF00061014A /* YCRegion.m */ = {isa = PBXFileReference; fileEncoding = 4; lastKnownFileType = sourcecode.c.objc; name = YCRegion.m; path = SourceCode/YCRegion.m; sourceTree = "<group>"; };
		9CCA57C512A78BB80026BD13 /* YCTapView.h */ = {isa = PBXFileReference; fileEncoding = 4; lastKnownFileType = sourcecode.c.h; path = YCTapView.h; sourceTree = "<group>"; };
		9CCA57C612A78BB80026BD13 /* YCTapView.m */ = {isa = PBXFileReference; fileEncoding = 4; lastKnownFileType = sourcecode.c.objc; path = YCTapView.m; sourceTree = "<group>"; };
		9CCC2BF512C3243D004D3FC1 /* CellHeaderView.xib */ = {isa = PBXFileReference; lastKnownFileType = file.xib; path = CellHeaderView.xib; sourceTree = "<group>"; };
		9CCC2BF812C32595004D3FC1 /* CellHeaderView.h */ = {isa = PBXFileReference; fileEncoding = 4; lastKnownFileType = sourcecode.c.h; path = CellHeaderView.h; sourceTree = "<group>"; };
		9CCC2BF912C32595004D3FC1 /* CellHeaderView.m */ = {isa = PBXFileReference; fileEncoding = 4; lastKnownFileType = sourcecode.c.objc; path = CellHeaderView.m; sourceTree = "<group>"; };
		9CCC2D4112C36397004D3FC1 /* shared-iphone-2x-172.png */ = {isa = PBXFileReference; lastKnownFileType = image.png; path = "shared-iphone-2x-172.png"; sourceTree = "<group>"; };
		9CCC2D8F12C36FD0004D3FC1 /* Pin1.png */ = {isa = PBXFileReference; lastKnownFileType = image.png; path = Pin1.png; sourceTree = "<group>"; };
		9CCC2D9012C36FD0004D3FC1 /* shared-iphone-172.png */ = {isa = PBXFileReference; lastKnownFileType = image.png; path = "shared-iphone-172.png"; sourceTree = "<group>"; };
		9CCCA0A912A54372009AC24D /* YCSearchController.h */ = {isa = PBXFileReference; fileEncoding = 4; lastKnownFileType = sourcecode.c.h; path = YCSearchController.h; sourceTree = "<group>"; };
		9CCCA0AA12A54372009AC24D /* YCSearchController.m */ = {isa = PBXFileReference; fileEncoding = 4; lastKnownFileType = sourcecode.c.objc; path = YCSearchController.m; sourceTree = "<group>"; };
		9CD0568D12CC271A004895B9 /* WaitingCell.xib */ = {isa = PBXFileReference; lastKnownFileType = file.xib; path = WaitingCell.xib; sourceTree = "<group>"; };
		9CD0B70B12D4580600558094 /* replacePin.png */ = {isa = PBXFileReference; lastKnownFileType = image.png; path = replacePin.png; sourceTree = "<group>"; };
		9CD2337C12CCCA430029F826 /* DisclosureIndicator-HighLighted.png */ = {isa = PBXFileReference; lastKnownFileType = image.png; path = "DisclosureIndicator-HighLighted.png"; sourceTree = "<group>"; };
		9CD2337D12CCCA430029F826 /* DisclosureIndicator.png */ = {isa = PBXFileReference; lastKnownFileType = image.png; path = DisclosureIndicator.png; sourceTree = "<group>"; };
		9CD2337E12CCCA430029F826 /* Pin-2x.png */ = {isa = PBXFileReference; lastKnownFileType = image.png; path = "Pin-2x.png"; sourceTree = "<group>"; };
		9CD4259E12AB31A70005CDAD /* MapBookmarksListController.h */ = {isa = PBXFileReference; fileEncoding = 4; lastKnownFileType = sourcecode.c.h; path = MapBookmarksListController.h; sourceTree = "<group>"; };
		9CD4259F12AB31A70005CDAD /* MapBookmarksListController.m */ = {isa = PBXFileReference; fileEncoding = 4; lastKnownFileType = sourcecode.c.objc; path = MapBookmarksListController.m; sourceTree = "<group>"; };
		9CD4266212AB40000005CDAD /* MapBookmark.h */ = {isa = PBXFileReference; fileEncoding = 4; lastKnownFileType = sourcecode.c.h; path = MapBookmark.h; sourceTree = "<group>"; };
		9CD4266312AB40000005CDAD /* MapBookmark.m */ = {isa = PBXFileReference; fileEncoding = 4; lastKnownFileType = sourcecode.c.objc; path = MapBookmark.m; sourceTree = "<group>"; };
		9CD426C512AB45C00005CDAD /* CoreData.framework */ = {isa = PBXFileReference; lastKnownFileType = wrapper.framework; name = CoreData.framework; path = System/Library/Frameworks/CoreData.framework; sourceTree = SDKROOT; };
		9CD61DCD12A35D1A00DC9C36 /* AlarmMapCurrentViewController.xib */ = {isa = PBXFileReference; lastKnownFileType = file.xib; path = AlarmMapCurrentViewController.xib; sourceTree = "<group>"; };
		9CDC2F9612C0618200015950 /* BoolCell.h */ = {isa = PBXFileReference; fileEncoding = 4; lastKnownFileType = sourcecode.c.h; path = BoolCell.h; sourceTree = "<group>"; };
		9CDC2F9712C0618200015950 /* BoolCell.m */ = {isa = PBXFileReference; fileEncoding = 4; lastKnownFileType = sourcecode.c.objc; path = BoolCell.m; sourceTree = "<group>"; };
		9CDC304B12C0710200015950 /* WaitingCell.h */ = {isa = PBXFileReference; fileEncoding = 4; lastKnownFileType = sourcecode.c.h; path = WaitingCell.h; sourceTree = "<group>"; };
		9CDC304C12C0710200015950 /* WaitingCell.m */ = {isa = PBXFileReference; fileEncoding = 4; lastKnownFileType = sourcecode.c.objc; path = WaitingCell.m; sourceTree = "<group>"; };
		9CDC310212C07C9000015950 /* currentLocationIconInCell.png */ = {isa = PBXFileReference; lastKnownFileType = image.png; path = currentLocationIconInCell.png; sourceTree = "<group>"; };
		9CDC310312C07C9000015950 /* mapIconIncell.png */ = {isa = PBXFileReference; lastKnownFileType = image.png; path = mapIconIncell.png; sourceTree = "<group>"; };
		9CDCB81812C38DEB00DDDD3D /* Pin1-Gray.png */ = {isa = PBXFileReference; lastKnownFileType = image.png; path = "Pin1-Gray.png"; sourceTree = "<group>"; };
		9CDCB81912C38DEB00DDDD3D /* shared-iphone-172-Gray.png */ = {isa = PBXFileReference; lastKnownFileType = image.png; path = "shared-iphone-172-Gray.png"; sourceTree = "<group>"; };
		9CE04FB212A9E3800003115C /* nextAsBarItem.png */ = {isa = PBXFileReference; lastKnownFileType = image.png; path = nextAsBarItem.png; sourceTree = "<group>"; };
		9CE04FB312A9E3800003115C /* previousAsBarItem.png */ = {isa = PBXFileReference; lastKnownFileType = image.png; path = previousAsBarItem.png; sourceTree = "<group>"; };
/* End PBXFileReference section */

/* Begin PBXFrameworksBuildPhase section */
		1D60588F0D05DD3D006BFB54 /* Frameworks */ = {
			isa = PBXFrameworksBuildPhase;
			buildActionMask = 2147483647;
			files = (
				1D60589F0D05DD5A006BFB54 /* Foundation.framework in Frameworks */,
				1DF5F4E00D08C38300B7A737 /* UIKit.framework in Frameworks */,
				288765080DF74369002DB57D /* CoreGraphics.framework in Frameworks */,
				9C12999F127E8DD100054B82 /* CoreLocation.framework in Frameworks */,
				9C1299A1127E8DDC00054B82 /* MapKit.framework in Frameworks */,
				9C1299A3127E8DE900054B82 /* QuartzCore.framework in Frameworks */,
				9C6B1B361293CAE7003D8CC7 /* SystemConfiguration.framework in Frameworks */,
				9CD426C612AB45C00005CDAD /* CoreData.framework in Frameworks */,
			);
			runOnlyForDeploymentPostprocessing = 0;
		};
/* End PBXFrameworksBuildPhase section */

/* Begin PBXGroup section */
		19C28FACFE9D520D11CA2CBB /* Products */ = {
			isa = PBXGroup;
			children = (
				1D6058910D05DD3D006BFB54 /* iAlarm.app */,
			);
			name = Products;
			sourceTree = "<group>";
		};
		29B97314FDCFA39411CA2CEA /* iAlarm */ = {
			isa = PBXGroup;
			children = (
				9C12991C127E8DC000054B82 /* SourceCode */,
				9C129916127E8DC000054B82 /* Resources */,
				29B97315FDCFA39411CA2CEA /* Other Sources */,
				29B97323FDCFA39411CA2CEA /* Frameworks */,
				19C28FACFE9D520D11CA2CBB /* Products */,
			);
			name = iAlarm;
			sourceTree = "<group>";
		};
		29B97315FDCFA39411CA2CEA /* Other Sources */ = {
			isa = PBXGroup;
			children = (
				28A0AB4B0D9B1048005BE974 /* iAlarm_Prefix.pch */,
				29B97316FDCFA39411CA2CEA /* main.m */,
			);
			name = "Other Sources";
			sourceTree = "<group>";
		};
		29B97323FDCFA39411CA2CEA /* Frameworks */ = {
			isa = PBXGroup;
			children = (
				1DF5F4DF0D08C38300B7A737 /* UIKit.framework */,
				1D30AB110D05D00D00671497 /* Foundation.framework */,
				288765070DF74369002DB57D /* CoreGraphics.framework */,
				9C12999E127E8DD100054B82 /* CoreLocation.framework */,
				9C1299A0127E8DDC00054B82 /* MapKit.framework */,
				9C1299A2127E8DE900054B82 /* QuartzCore.framework */,
				9C6B1B351293CAE7003D8CC7 /* SystemConfiguration.framework */,
				9CD426C512AB45C00005CDAD /* CoreData.framework */,
			);
			name = Frameworks;
			sourceTree = "<group>";
		};
		9C017D8412BF082100710E16 /* AlarmUINew */ = {
			isa = PBXGroup;
			children = (
				9C1299CE127E901000054B82 /* AlarmItemModify */,
				9C135CA312CB315B004A3C3E /* AlarmModifyNotification.h */,
				9C017D8712BF082100710E16 /* AlarmsListViewController.h */,
				9C017D8812BF082100710E16 /* AlarmsListViewController.m */,
				9C017D8512BF082100710E16 /* AlarmDetailTableViewController.h */,
				9C017D8612BF082100710E16 /* AlarmDetailTableViewController.m */,
				9C017F2912BF755A00710E16 /* TableViewCellDescription.h */,
				9C017F2A12BF755A00710E16 /* TableViewCellDescription.m */,
			);
			path = AlarmUINew;
			sourceTree = "<group>";
		};
		9C129916127E8DC000054B82 /* Resources */ = {
			isa = PBXGroup;
			children = (
				9C129917127E8DC000054B82 /* images */,
				8D1107310486CEB800E47090 /* iAlarm-Info.plist */,
			);
			path = Resources;
			sourceTree = "<group>";
		};
		9C129917127E8DC000054B82 /* images */ = {
			isa = PBXGroup;
			children = (
				9CBCE7C612D4B232003BEE3D /* mapsInTab.png */,
				9CBCE7C712D4B232003BEE3D /* settingInTab.png */,
				9CD0B70B12D4580600558094 /* replacePin.png */,
				9CD2337C12CCCA430029F826 /* DisclosureIndicator-HighLighted.png */,
				9CD2337D12CCCA430029F826 /* DisclosureIndicator.png */,
				9CD2337E12CCCA430029F826 /* Pin-2x.png */,
				9CDCB81812C38DEB00DDDD3D /* Pin1-Gray.png */,
				9CDCB81912C38DEB00DDDD3D /* shared-iphone-172-Gray.png */,
				9CCC2D8F12C36FD0004D3FC1 /* Pin1.png */,
				9CCC2D9012C36FD0004D3FC1 /* shared-iphone-172.png */,
				9CCC2D4112C36397004D3FC1 /* shared-iphone-2x-172.png */,
				9CDC310212C07C9000015950 /* currentLocationIconInCell.png */,
				9CDC310312C07C9000015950 /* mapIconIncell.png */,
				9C3E406912AD2DE100D16658 /* mapInfoCurrent.png */,
				9C3E406A12AD2DE100D16658 /* mapInfoGreen.png */,
				9C3E406B12AD2DE100D16658 /* mapInfoPurple.png */,
				9C3E406C12AD2DE100D16658 /* mapInfoRed.png */,
				9CE04FB212A9E3800003115C /* nextAsBarItem.png */,
				9CE04FB312A9E3800003115C /* previousAsBarItem.png */,
				9C9C0774129E93960020C277 /* curlAsBarItem.png */,
				9C9C0775129E93960020C277 /* curlDoneAsBarItem.png */,
				9C9C0762129E87200020C277 /* backgroundCurlview.png */,
				9C9C06F2129E6B410020C277 /* arrowAsBarItem.png */,
				9C71EAD5129D646900137934 /* flagAsAnnotation.png */,
				9C71EAD6129D646900137934 /* flagAsAnnotationDisabled.png */,
				9C71EACB129D629400137934 /* flagAsBarItem.png */,
				9C129918127E8DC000054B82 /* checkmarkicon.png */,
				9C129919127E8DC000054B82 /* DarkBackground.png */,
				9C12991A127E8DC000054B82 /* LightBackground.png */,
				9C12991B127E8DC000054B82 /* MathGraph.png */,
			);
			path = images;
			sourceTree = "<group>";
		};
		9C12991C127E8DC000054B82 /* SourceCode */ = {
			isa = PBXGroup;
			children = (
				9C9D9253129B76C2004ACE05 /* Forward Geocoding */,
				9CCF8154129515DE005D323E /* NavSuperController */,
				9C1299F1127E926D00054B82 /* Map&Location */,
				9C1299EE127E914100054B82 /* Utilities */,
				9C1299ED127E90E700054B82 /* Model Class and Model Manager */,
				9C1299F0127E921200054B82 /* Setting */,
				9CC5C7CC128BE77400B948E7 /* AlarmMap */,
				9C017D8412BF082100710E16 /* AlarmUINew */,
				9C1299CC127E8F8E00054B82 /* TableCell */,
				9C1299A8127E8E0100054B82 /* MainWindow */,
			);
			path = SourceCode;
			sourceTree = "<group>";
		};
		9C1299A8127E8E0100054B82 /* MainWindow */ = {
			isa = PBXGroup;
			children = (
				9C129941127E8DC000054B82 /* iAlarmAppDelegate.h */,
				9C129942127E8DC000054B82 /* iAlarmAppDelegate.m */,
				9C129948127E8DC000054B82 /* MainWindow.xib */,
			);
			name = MainWindow;
			sourceTree = "<group>";
		};
		9C1299CC127E8F8E00054B82 /* TableCell */ = {
			isa = PBXGroup;
			children = (
				9C129949127E8DC000054B82 /* RatingView.h */,
				9C12994A127E8DC000054B82 /* RatingView.m */,
				9C12993B127E8DC000054B82 /* CheckmarkDisclosureIndicatorCell.h */,
				9C12993C127E8DC000054B82 /* CheckmarkDisclosureIndicatorCell.m */,
				9C129943127E8DC000054B82 /* IndividualSubviewsBasedApplicationCell.h */,
				9C129944127E8DC000054B82 /* IndividualSubviewsBasedApplicationCell.m */,
				9C129945127E8DC000054B82 /* IndividualSubviewsBasedApplicationCell.xib */,
				9C129939127E8DC000054B82 /* ApplicationCell.h */,
				9C12993A127E8DC000054B82 /* ApplicationCell.m */,
				9CDC2F9612C0618200015950 /* BoolCell.h */,
				9CDC2F9712C0618200015950 /* BoolCell.m */,
				9CDC304B12C0710200015950 /* WaitingCell.h */,
				9CDC304C12C0710200015950 /* WaitingCell.m */,
				9CD0568D12CC271A004895B9 /* WaitingCell.xib */,
				9CCC2BF812C32595004D3FC1 /* CellHeaderView.h */,
				9CCC2BF912C32595004D3FC1 /* CellHeaderView.m */,
				9CCC2BF512C3243D004D3FC1 /* CellHeaderView.xib */,
			);
			name = TableCell;
			sourceTree = "<group>";
		};
		9C1299CE127E901000054B82 /* AlarmItemModify */ = {
			isa = PBXGroup;
			children = (
				9C129920127E8DC000054B82 /* AlarmLRepeatTypeViewController.h */,
				9C129921127E8DC000054B82 /* AlarmLRepeatTypeViewController.m */,
				9C129922127E8DC000054B82 /* AlarmLSoundViewController.h */,
				9C129923127E8DC000054B82 /* AlarmLSoundViewController.m */,
				9C12992A127E8DC000054B82 /* AlarmNameViewController.h */,
				9C12992B127E8DC000054B82 /* AlarmNameViewController.m */,
				9C12992C127E8DC000054B82 /* AlarmNameViewController.xib */,
				9C129924127E8DC000054B82 /* AlarmModify.h */,
				9C129926127E8DC000054B82 /* AlarmModifyTableViewController.h */,
				9C129927127E8DC000054B82 /* AlarmModifyTableViewController.m */,
				9C129928127E8DC000054B82 /* AlarmModifyViewController.h */,
				9C129929127E8DC000054B82 /* AlarmModifyViewController.m */,
			);
			name = AlarmItemModify;
			path = ..;
			sourceTree = "<group>";
		};
		9C1299ED127E90E700054B82 /* Model Class and Model Manager */ = {
			isa = PBXGroup;
			children = (
				9C129957127E8DC000054B82 /* YCAlarmEntity.h */,
				9C129958127E8DC000054B82 /* YCAlarmEntity.m */,
				9C129966127E8DC000054B82 /* YCPositionType.h */,
				9C129967127E8DC000054B82 /* YCPositionType.m */,
				9C129968127E8DC000054B82 /* YCRepeatType.h */,
				9C129969127E8DC000054B82 /* YCRepeatType.m */,
				9C12996A127E8DC000054B82 /* YCSound.h */,
				9C12996B127E8DC000054B82 /* YCSound.m */,
				9C12996C127E8DC000054B82 /* YCVehicleType.h */,
				9C12996D127E8DC000054B82 /* YCVehicleType.m */,
			);
			name = "Model Class and Model Manager";
			path = ..;
			sourceTree = "<group>";
		};
		9C1299EE127E914100054B82 /* Utilities */ = {
			isa = PBXGroup;
			children = (
				9C129955127E8DC000054B82 /* UIUtility.h */,
				9C129956127E8DC000054B82 /* UIUtility.m */,
				9C12993D127E8DC000054B82 /* DataUtility.h */,
				9C12993E127E8DC000054B82 /* DataUtility.m */,
				9C12993F127E8DC000054B82 /* DicManager.h */,
				9C129940127E8DC000054B82 /* DicManager.m */,
				9C6B1B141293CABD003D8CC7 /* Reachability.h */,
				9C6B1B151293CABD003D8CC7 /* Reachability.m */,
				9C48CC9E129E03C7008069CC /* LocalizedString.h */,
				9C48CC9F129E03C7008069CC /* LocalizedString.m */,
			);
			name = Utilities;
			path = ..;
			sourceTree = "<group>";
		};
		9C1299F0127E921200054B82 /* Setting */ = {
			isa = PBXGroup;
			children = (
				9C14F2A2128822580000689A /* YCLog.h */,
				9C14F2A3128822580000689A /* YCLog.m */,
				9C129964127E8DC000054B82 /* YCParam.h */,
				9C129965127E8DC000054B82 /* YCParam.m */,
				9CBF7EBB127FB8D300F2BA52 /* YCDeviceStatus.h */,
				9CBF7EBC127FB8D300F2BA52 /* YCDeviceStatus.m */,
				9C129950127E8DC000054B82 /* SettingViewController.h */,
				9C129951127E8DC000054B82 /* SettingViewController.m */,
				9C129952127E8DC000054B82 /* SettingViewController.xib */,
				9C14F26E1287FFE40000689A /* DebugViewController.h */,
				9C14F26F1287FFE40000689A /* DebugViewController.m */,
				9C14F2701287FFE40000689A /* DebugViewController.xib */,
			);
			name = Setting;
			sourceTree = "<group>";
		};
		9C1299F1127E926D00054B82 /* Map&Location */ = {
			isa = PBXGroup;
			children = (
				9C129B71127ED13200054B82 /* Map */,
				9C1299F2127E92A700054B82 /* Inner */,
				9C129961127E8DC000054B82 /* YCLocationManagerDelegate.h */,
				9C129962127E8DC000054B82 /* YCLocationManagerDelegate.m */,
				9C129963127E8DC000054B82 /* YCLocationManagerDelegateProtocol.h */,
				9C12995F127E8DC000054B82 /* YCLocationManager.h */,
				9C129960127E8DC000054B82 /* YCLocationManager.m */,
			);
			name = "Map&Location";
			path = ..;
			sourceTree = "<group>";
		};
		9C1299F2127E92A700054B82 /* Inner */ = {
			isa = PBXGroup;
			children = (
				9CC5DE0E12A67AF00061014A /* YCRegion.h */,
				9CC5DE0F12A67AF00061014A /* YCRegion.m */,
				9C12994B127E8DC000054B82 /* RegionsCenter.h */,
				9C12994C127E8DC000054B82 /* RegionsCenter.m */,
				9C129946127E8DC000054B82 /* LocationUtility.h */,
				9C129947127E8DC000054B82 /* LocationUtility.m */,
				9C129953127E8DC000054B82 /* StandardLocationManager.h */,
				9C129954127E8DC000054B82 /* StandardLocationManager.m */,
			);
			name = Inner;
			sourceTree = "<group>";
		};
		9C129B71127ED13200054B82 /* Map */ = {
			isa = PBXGroup;
			children = (
				9C129959127E8DC000054B82 /* YCAnnotation.h */,
				9C12995A127E8DC000054B82 /* YCAnnotation.m */,
				9C12995B127E8DC000054B82 /* YCAnnotationView.h */,
				9C12995C127E8DC000054B82 /* YCAnnotationView.m */,
			);
			name = Map;
			sourceTree = "<group>";
		};
		9C9D9253129B76C2004ACE05 /* Forward Geocoding */ = {
			isa = PBXGroup;
			children = (
				9C9D925A129B76C2004ACE05 /* Parsers */,
				9C9D9254129B76C2004ACE05 /* BSAddressComponent.h */,
				9C9D9255129B76C2004ACE05 /* BSAddressComponent.m */,
				9C9D9256129B76C2004ACE05 /* BSForwardGeocoder.h */,
				9C9D9257129B76C2004ACE05 /* BSForwardGeocoder.m */,
				9C9D9258129B76C2004ACE05 /* BSKmlResult.h */,
				9C9D9259129B76C2004ACE05 /* BSKmlResult.m */,
			);
			path = "Forward Geocoding";
			sourceTree = "<group>";
		};
		9C9D925A129B76C2004ACE05 /* Parsers */ = {
			isa = PBXGroup;
			children = (
				9C9D925B129B76C2004ACE05 /* BSGoogleV2KmlParser.h */,
				9C9D925C129B76C2004ACE05 /* BSGoogleV2KmlParser.m */,
				9C9D925D129B76C2004ACE05 /* BSGoogleV3KmlParser.h */,
				9C9D925E129B76C2004ACE05 /* BSGoogleV3KmlParser.m */,
			);
			path = Parsers;
			sourceTree = "<group>";
		};
		9CC1A9A312ACB293009CB420 /* tableCell */ = {
			isa = PBXGroup;
			children = (
				9CC1A99412ACB1AE009CB420 /* AnnotationTitleTableCell.h */,
				9CC1A99512ACB1AE009CB420 /* AnnotationTitleTableCell.m */,
				9CC1A99212ACB187009CB420 /* AnnotationTitleTableCell.xib */,
				9CC1A9D612ACB97C009CB420 /* AnnotationSubtitleTableCell.h */,
				9CC1A9D712ACB97C009CB420 /* AnnotationSubtitleTableCell.m */,
				9CC1A9D912ACB9A1009CB420 /* AnnotationSubtitleTableCell.xib */,
			);
			name = tableCell;
			sourceTree = "<group>";
		};
		9CC5C7CC128BE77400B948E7 /* AlarmMap */ = {
			isa = PBXGroup;
			children = (
				9CCFFD2912ADCF67002381BA /* searchController */,
				9CCFFD2812ADCF0C002381BA /* tapAnnotation */,
				9CCFFD2712ADCED5002381BA /* autoHidebar */,
				9CCFFD2612ADCEB7002381BA /* bookmark */,
				9C135BAD12CAE97B004A3C3E /* MapNotification.h */,
				9C129931127E8DC000054B82 /* AlarmPositionMapViewController.h */,
				9C129932127E8DC000054B82 /* AlarmPositionMapViewController.m */,
				9C129933127E8DC000054B82 /* AlarmPositionMapViewController.xib */,
				9CD61DCD12A35D1A00DC9C36 /* AlarmMapCurrentViewController.xib */,
			);
			name = AlarmMap;
			sourceTree = "<group>";
		};
		9CCF8154129515DE005D323E /* NavSuperController */ = {
			isa = PBXGroup;
			children = (
			);
			name = NavSuperController;
			sourceTree = "<group>";
		};
		9CCFFD2612ADCEB7002381BA /* bookmark */ = {
			isa = PBXGroup;
			children = (
				9CD4259E12AB31A70005CDAD /* MapBookmarksListController.h */,
				9CD4259F12AB31A70005CDAD /* MapBookmarksListController.m */,
				9CD4266212AB40000005CDAD /* MapBookmark.h */,
				9CD4266312AB40000005CDAD /* MapBookmark.m */,
			);
			name = bookmark;
			sourceTree = "<group>";
		};
		9CCFFD2712ADCED5002381BA /* autoHidebar */ = {
			isa = PBXGroup;
			children = (
				9CCA57C512A78BB80026BD13 /* YCTapView.h */,
				9CCA57C612A78BB80026BD13 /* YCTapView.m */,
			);
			name = autoHidebar;
			sourceTree = "<group>";
		};
		9CCFFD2812ADCF0C002381BA /* tapAnnotation */ = {
			isa = PBXGroup;
			children = (
				9CC1A9A312ACB293009CB420 /* tableCell */,
				9CC1A97B12ACAA00009CB420 /* AnnotationInfoViewController.h */,
				9CC1A97C12ACAA00009CB420 /* AnnotationInfoViewController.m */,
			);
			name = tapAnnotation;
			sourceTree = "<group>";
		};
		9CCFFD2912ADCF67002381BA /* searchController */ = {
			isa = PBXGroup;
			children = (
				9CC5DE0B12A67AD10061014A /* YCSearchDisplayController.h */,
				9CC5DE0C12A67AD10061014A /* YCSearchDisplayController.m */,
				9CC5DC4712A6116B0061014A /* YCSearchBar.h */,
				9CC5DC4812A6116B0061014A /* YCSearchBar.m */,
				9CCCA0A912A54372009AC24D /* YCSearchController.h */,
				9CCCA0AA12A54372009AC24D /* YCSearchController.m */,
			);
			name = searchController;
			sourceTree = "<group>";
		};
/* End PBXGroup section */

/* Begin PBXNativeTarget section */
		1D6058900D05DD3D006BFB54 /* iAlarm */ = {
			isa = PBXNativeTarget;
			buildConfigurationList = 1D6058960D05DD3E006BFB54 /* Build configuration list for PBXNativeTarget "iAlarm" */;
			buildPhases = (
				1D60588D0D05DD3D006BFB54 /* Resources */,
				1D60588E0D05DD3D006BFB54 /* Sources */,
				1D60588F0D05DD3D006BFB54 /* Frameworks */,
			);
			buildRules = (
			);
			dependencies = (
			);
			name = iAlarm;
			productName = iAlarm;
			productReference = 1D6058910D05DD3D006BFB54 /* iAlarm.app */;
			productType = "com.apple.product-type.application";
		};
/* End PBXNativeTarget section */

/* Begin PBXProject section */
		29B97313FDCFA39411CA2CEA /* Project object */ = {
			isa = PBXProject;
			buildConfigurationList = C01FCF4E08A954540054247B /* Build configuration list for PBXProject "iAlarm" */;
			compatibilityVersion = "Xcode 3.1";
			hasScannedForEncodings = 1;
			mainGroup = 29B97314FDCFA39411CA2CEA /* iAlarm */;
			projectDirPath = "";
			projectRoot = "";
			targets = (
				1D6058900D05DD3D006BFB54 /* iAlarm */,
			);
		};
/* End PBXProject section */

/* Begin PBXResourcesBuildPhase section */
		1D60588D0D05DD3D006BFB54 /* Resources */ = {
			isa = PBXResourcesBuildPhase;
			buildActionMask = 2147483647;
			files = (
				9C12996E127E8DC000054B82 /* checkmarkicon.png in Resources */,
				9C12996F127E8DC000054B82 /* DarkBackground.png in Resources */,
				9C129970127E8DC000054B82 /* LightBackground.png in Resources */,
				9C129971127E8DC000054B82 /* MathGraph.png in Resources */,
				9C12997A127E8DC000054B82 /* AlarmNameViewController.xib in Resources */,
				9C12997E127E8DC000054B82 /* AlarmPositionMapViewController.xib in Resources */,
				9C129988127E8DC000054B82 /* IndividualSubviewsBasedApplicationCell.xib in Resources */,
				9C12998A127E8DC000054B82 /* MainWindow.xib in Resources */,
				9C129990127E8DC000054B82 /* SettingViewController.xib in Resources */,
				9C14F2721287FFE40000689A /* DebugViewController.xib in Resources */,
				9C71EACC129D629400137934 /* flagAsBarItem.png in Resources */,
				9C71EAD7129D646900137934 /* flagAsAnnotation.png in Resources */,
				9C71EAD8129D646900137934 /* flagAsAnnotationDisabled.png in Resources */,
				9C9C06F3129E6B410020C277 /* arrowAsBarItem.png in Resources */,
				9C9C0763129E87200020C277 /* backgroundCurlview.png in Resources */,
				9C9C0776129E93960020C277 /* curlAsBarItem.png in Resources */,
				9C9C0777129E93960020C277 /* curlDoneAsBarItem.png in Resources */,
				9CD61DCE12A35D1A00DC9C36 /* AlarmMapCurrentViewController.xib in Resources */,
				9CE04FB412A9E3800003115C /* nextAsBarItem.png in Resources */,
				9CE04FB512A9E3800003115C /* previousAsBarItem.png in Resources */,
				9CC1A99312ACB187009CB420 /* AnnotationTitleTableCell.xib in Resources */,
				9CC1A9DA12ACB9A1009CB420 /* AnnotationSubtitleTableCell.xib in Resources */,
				9C3E406D12AD2DE100D16658 /* mapInfoCurrent.png in Resources */,
				9C3E406E12AD2DE100D16658 /* mapInfoGreen.png in Resources */,
				9C3E406F12AD2DE100D16658 /* mapInfoPurple.png in Resources */,
				9C3E407012AD2DE100D16658 /* mapInfoRed.png in Resources */,
				9CDC310412C07C9000015950 /* currentLocationIconInCell.png in Resources */,
				9CDC310512C07C9000015950 /* mapIconIncell.png in Resources */,
				9CCC2BF612C3243D004D3FC1 /* CellHeaderView.xib in Resources */,
				9CCC2D4212C36397004D3FC1 /* shared-iphone-2x-172.png in Resources */,
				9CCC2D9112C36FD0004D3FC1 /* Pin1.png in Resources */,
				9CCC2D9212C36FD0004D3FC1 /* shared-iphone-172.png in Resources */,
				9CDCB81A12C38DEB00DDDD3D /* Pin1-Gray.png in Resources */,
				9CDCB81B12C38DEB00DDDD3D /* shared-iphone-172-Gray.png in Resources */,
				9CD0568E12CC271A004895B9 /* WaitingCell.xib in Resources */,
				9CD2337F12CCCA430029F826 /* DisclosureIndicator-HighLighted.png in Resources */,
				9CD2338012CCCA430029F826 /* DisclosureIndicator.png in Resources */,
				9CD2338112CCCA430029F826 /* Pin-2x.png in Resources */,
				9CD0B70C12D4580600558094 /* replacePin.png in Resources */,
				9CBCE7C812D4B232003BEE3D /* mapsInTab.png in Resources */,
				9CBCE7C912D4B232003BEE3D /* settingInTab.png in Resources */,
			);
			runOnlyForDeploymentPostprocessing = 0;
		};
/* End PBXResourcesBuildPhase section */

/* Begin PBXSourcesBuildPhase section */
		1D60588E0D05DD3D006BFB54 /* Sources */ = {
			isa = PBXSourcesBuildPhase;
			buildActionMask = 2147483647;
			files = (
				1D60589B0D05DD56006BFB54 /* main.m in Sources */,
				9C129974127E8DC000054B82 /* AlarmLRepeatTypeViewController.m in Sources */,
				9C129975127E8DC000054B82 /* AlarmLSoundViewController.m in Sources */,
				9C129977127E8DC000054B82 /* AlarmModifyTableViewController.m in Sources */,
				9C129978127E8DC000054B82 /* AlarmModifyViewController.m in Sources */,
				9C129979127E8DC000054B82 /* AlarmNameViewController.m in Sources */,
				9C12997D127E8DC000054B82 /* AlarmPositionMapViewController.m in Sources */,
				9C129982127E8DC000054B82 /* ApplicationCell.m in Sources */,
				9C129983127E8DC000054B82 /* CheckmarkDisclosureIndicatorCell.m in Sources */,
				9C129984127E8DC000054B82 /* DataUtility.m in Sources */,
				9C129985127E8DC000054B82 /* DicManager.m in Sources */,
				9C129986127E8DC000054B82 /* iAlarmAppDelegate.m in Sources */,
				9C129987127E8DC000054B82 /* IndividualSubviewsBasedApplicationCell.m in Sources */,
				9C129989127E8DC000054B82 /* LocationUtility.m in Sources */,
				9C12998B127E8DC000054B82 /* RatingView.m in Sources */,
				9C12998C127E8DC000054B82 /* RegionsCenter.m in Sources */,
				9C12998F127E8DC000054B82 /* SettingViewController.m in Sources */,
				9C129991127E8DC000054B82 /* StandardLocationManager.m in Sources */,
				9C129992127E8DC000054B82 /* UIUtility.m in Sources */,
				9C129993127E8DC000054B82 /* YCAlarmEntity.m in Sources */,
				9C129994127E8DC000054B82 /* YCAnnotation.m in Sources */,
				9C129995127E8DC000054B82 /* YCAnnotationView.m in Sources */,
				9C129997127E8DC000054B82 /* YCLocationManager.m in Sources */,
				9C129998127E8DC000054B82 /* YCLocationManagerDelegate.m in Sources */,
				9C129999127E8DC000054B82 /* YCParam.m in Sources */,
				9C12999A127E8DC000054B82 /* YCPositionType.m in Sources */,
				9C12999B127E8DC000054B82 /* YCRepeatType.m in Sources */,
				9C12999C127E8DC000054B82 /* YCSound.m in Sources */,
				9C12999D127E8DC000054B82 /* YCVehicleType.m in Sources */,
				9CBF7EBD127FB8D300F2BA52 /* YCDeviceStatus.m in Sources */,
				9C14F2711287FFE40000689A /* DebugViewController.m in Sources */,
				9C14F2A4128822580000689A /* YCLog.m in Sources */,
				9C6B1B161293CABD003D8CC7 /* Reachability.m in Sources */,
				9C9D925F129B76C2004ACE05 /* BSAddressComponent.m in Sources */,
				9C9D9260129B76C2004ACE05 /* BSForwardGeocoder.m in Sources */,
				9C9D9261129B76C2004ACE05 /* BSKmlResult.m in Sources */,
				9C9D9262129B76C2004ACE05 /* BSGoogleV2KmlParser.m in Sources */,
				9C9D9263129B76C2004ACE05 /* BSGoogleV3KmlParser.m in Sources */,
				9C48CCA0129E03C7008069CC /* LocalizedString.m in Sources */,
				9CCCA33B12A54373009AC24D /* YCSearchController.m in Sources */,
				9CC5DC4912A6116B0061014A /* YCSearchBar.m in Sources */,
				9CC5DE0D12A67AD10061014A /* YCSearchDisplayController.m in Sources */,
				9CC5DE1012A67AF00061014A /* YCRegion.m in Sources */,
				9CCA57C712A78BB80026BD13 /* YCTapView.m in Sources */,
				9CD425A112AB31A70005CDAD /* MapBookmarksListController.m in Sources */,
				9CD4266412AB40000005CDAD /* MapBookmark.m in Sources */,
				9CC1A97E12ACAA00009CB420 /* AnnotationInfoViewController.m in Sources */,
				9CC1A99612ACB1AE009CB420 /* AnnotationTitleTableCell.m in Sources */,
				9CC1A9D812ACB97C009CB420 /* AnnotationSubtitleTableCell.m in Sources */,
				9C017D8912BF082100710E16 /* AlarmDetailTableViewController.m in Sources */,
				9C017D8A12BF082100710E16 /* AlarmsListViewController.m in Sources */,
				9C017F2B12BF755A00710E16 /* TableViewCellDescription.m in Sources */,
				9CDC2F9812C0618200015950 /* BoolCell.m in Sources */,
				9CDC304D12C0710200015950 /* WaitingCell.m in Sources */,
				9CCC2BFA12C32595004D3FC1 /* CellHeaderView.m in Sources */,
			);
			runOnlyForDeploymentPostprocessing = 0;
		};
/* End PBXSourcesBuildPhase section */

/* Begin XCBuildConfiguration section */
		1D6058940D05DD3E006BFB54 /* Debug */ = {
			isa = XCBuildConfiguration;
			buildSettings = {
				ALWAYS_SEARCH_USER_PATHS = NO;
				COPY_PHASE_STRIP = NO;
				GCC_DYNAMIC_NO_PIC = NO;
				GCC_OPTIMIZATION_LEVEL = 0;
				GCC_PRECOMPILE_PREFIX_HEADER = YES;
				GCC_PREFIX_HEADER = iAlarm_Prefix.pch;
				INFOPLIST_FILE = "iAlarm-Info.plist";
				PRODUCT_NAME = iAlarm;
			};
			name = Debug;
		};
		1D6058950D05DD3E006BFB54 /* Release */ = {
			isa = XCBuildConfiguration;
			buildSettings = {
				ALWAYS_SEARCH_USER_PATHS = NO;
				COPY_PHASE_STRIP = YES;
				GCC_PRECOMPILE_PREFIX_HEADER = YES;
				GCC_PREFIX_HEADER = iAlarm_Prefix.pch;
				INFOPLIST_FILE = "iAlarm-Info.plist";
				PRODUCT_NAME = iAlarm;
				VALIDATE_PRODUCT = YES;
			};
			name = Release;
		};
		C01FCF4F08A954540054247B /* Debug */ = {
			isa = XCBuildConfiguration;
			buildSettings = {
				ARCHS = "$(ARCHS_STANDARD_32_BIT)";
				"CODE_SIGN_IDENTITY[sdk=iphoneos*]" = "iPhone Developer";
				GCC_C_LANGUAGE_STANDARD = c99;
				GCC_WARN_ABOUT_RETURN_TYPE = YES;
				GCC_WARN_UNUSED_VARIABLE = YES;
				PREBINDING = NO;
				SDKROOT = iphoneos4.0;
			};
			name = Debug;
		};
		C01FCF5008A954540054247B /* Release */ = {
			isa = XCBuildConfiguration;
			buildSettings = {
				ARCHS = "$(ARCHS_STANDARD_32_BIT)";
				"CODE_SIGN_IDENTITY[sdk=iphoneos*]" = "iPhone Developer";
				GCC_C_LANGUAGE_STANDARD = c99;
				GCC_WARN_ABOUT_RETURN_TYPE = YES;
				GCC_WARN_UNUSED_VARIABLE = YES;
				OTHER_CFLAGS = "-DNS_BLOCK_ASSERTIONS=1";
				PREBINDING = NO;
				SDKROOT = iphoneos4.0;
			};
			name = Release;
		};
/* End XCBuildConfiguration section */

/* Begin XCConfigurationList section */
		1D6058960D05DD3E006BFB54 /* Build configuration list for PBXNativeTarget "iAlarm" */ = {
			isa = XCConfigurationList;
			buildConfigurations = (
				1D6058940D05DD3E006BFB54 /* Debug */,
				1D6058950D05DD3E006BFB54 /* Release */,
			);
			defaultConfigurationIsVisible = 0;
			defaultConfigurationName = Release;
		};
		C01FCF4E08A954540054247B /* Build configuration list for PBXProject "iAlarm" */ = {
			isa = XCConfigurationList;
			buildConfigurations = (
				C01FCF4F08A954540054247B /* Debug */,
				C01FCF5008A954540054247B /* Release */,
			);
			defaultConfigurationIsVisible = 0;
			defaultConfigurationName = Release;
		};
/* End XCConfigurationList section */
	};
	rootObject = 29B97313FDCFA39411CA2CEA /* Project object */;
}
